github.com/jezek/xgb v0.0.0-20210312150743-0e0f116e1240 h1:dy+DS31tGEGCsZzB45HmJJNHjur8GDgtRNX9U7HnSX4=
github.com/jezek/xgb v0.0.0-20210312150743-0e0f116e1240/go.mod h1:3P4UH/k22rXyHIJD2w4h2XMqPX4Of/eySEZq9L6wqc4=
github.com/jezek/xgbutil v0.0.0-20210302171758-530099784e66 h1:+wPhoJD8EH0/bXipIq8Lc2z477jfox9zkXPCJdhvHj8=
github.com/jezek/xgbutil v0.0.0-20210302171758-530099784e66/go.mod h1:KACeV+k6b+aoLTVrrurywEbu3UpqoQcQywj4qX8aQKM=
